[{<<"cowlib">>,
  {git,"https://github.com/ninenines/cowlib",
       {ref,"cc04201c1d0e1d5603cd1cde037ab729b192634c"}},
  1},
 {<<"gun">>,
  {git,"git@github.com:nomasystems/gun.git",
       {ref,"fb1795390938f2a3e700e29b2cd90f78f2d68c74"}},
  0},
 {<<"njson">>,
  {git,"git@github.com:nomasystems/njson.git",
       {ref,"76ab40033ee977f876e7b3addca5de981ff4a9ef"}},
  0}].
