[{<<"cowboy">>,
  {git,"git@github.com:nomasystems/cowboy.git",
       {ref,"04ca4c5d31a92d4d3de087bbd7d6021dc4a6d409"}},
  1},
 {<<"cowlib">>,
  {git,"https://github.com/ninenines/cowlib",
       {ref,"e9448e5628c8c1d9083223ff973af8de31a566d1"}},
  2},
 {<<"gun">>,
  {git,"git@github.com:nomasystems/gun.git",
       {ref,"13db42aac8e66315edd52fd2901ac1666ebf38b6"}},
  1},
 {<<"json">>,
  {git,"git@github.com:nomasystems/json.git",
       {ref,"4f7ef65ce75b3d2de2c5b4796ed32ce72116c62d"}},
  1},
 {<<"ncowboy">>,
  {git,"git@github.com:nomasystems/ncowboy.git",
       {ref,"20e6312b79dfe1640768507ecb71d62c35ea93bc"}},
  0},
 {<<"njson">>,
  {git,"https://github.com/nomasystems/njson.git",
       {ref,"76ab40033ee977f876e7b3addca5de981ff4a9ef"}},
  0},
 {<<"nlib">>,
  {git,"git@github.com:nomasystems/nlib.git",
       {ref,"b4113f94abde9f136d40eb6785390d9c971aab47"}},
  1},
 {<<"ranch">>,
  {git,"https://github.com/ninenines/ranch",
       {ref,"a692f44567034dacf5efcaa24a24183788594eb7"}},
  2}].
